<Solution>
  <Folder Name="/Solution Items/">
    <File Path=".gitignore" />
    <File Path="LICENSE" />
    <File Path="README.md" />
  </Folder>
  <Project Path="ServerSentEvents/ServerSentEvents.csproj" />
  <Project Path="ServerSentEventsPlayground/ServerSentEventsPlayground.csproj" Id="a4798f49-b8f4-4d17-99ab-8a1aa608c86d" />
  <Project Path="ServerSentEventsTests/ServerSentEventsTests.csproj" Id="04c8e39a-b609-4925-9e12-c1b7266e57f9" />
</Solution>
